# This file is generated by running "yarn install" inside your project.
# Manual changes might be lost - proceed with caution!

__metadata:
  version: 6
  cacheKey: 8

"@types/node@npm:^22.13.13":
  version: 22.13.13
  resolution: "@types/node@npm:22.13.13"
  dependencies:
    undici-types: ~6.20.0
  checksum: 763c120725c4817227d3043095fd1e764744b2f3632e3e3c8242e1620a8e6fe1c9eeae38074dee3e39af6b890de142c3b6067f9b31e36635c44f3f5f4f2bb8cf
  languageName: node
  linkType: hard

"dotenv@npm:^16.4.7":
  version: 16.4.7
  resolution: "dotenv@npm:16.4.7"
  checksum: c27419b5875a44addcc56cc69b7dc5b0e6587826ca85d5b355da9303c6fc317fc9989f1f18366a16378c9fdd9532d14117a1abe6029cc719cdbbef6eaef2cea4
  languageName: node
  linkType: hard

"genericcontentprocessor.ts@workspace:.":
  version: 0.0.0-use.local
  resolution: "genericcontentprocessor.ts@workspace:."
  dependencies:
    "@types/node": ^22.13.13
    dotenv: ^16.4.7
    kafkajs: ^2.2.4
  languageName: unknown
  linkType: soft

"kafkajs@npm:^2.2.4":
  version: 2.2.4
  resolution: "kafkajs@npm:2.2.4"
  checksum: 83e9e8bc50a09b142f4ff79f6a2bd88ecc21b83bcefe6621ab1716118d624886befb7371731274f67812ce35dd50b53140ff3b49a06e5d9169fe6b164d72fea5
  languageName: node
  linkType: hard

"undici-types@npm:~6.20.0":
  version: 6.20.0
  resolution: "undici-types@npm:6.20.0"
  checksum: b7bc50f012dc6afbcce56c9fd62d7e86b20a62ff21f12b7b5cbf1973b9578d90f22a9c7fe50e638e96905d33893bf2f9f16d98929c4673c2480de05c6c96ea8b
  languageName: node
  linkType: hard
